
Microsoft Visual Studio Solution File, Format Version 12.00
# Visual Studio 14
VisualStudioVersion = 14.0.25420.1
MinimumVisualStudioVersion = 10.0.40219.1
Project("{8BC9CEB8-8B4A-11D0-8D11-00A0C91BC942}") = "TypeTable", "TypeTable\TypeTable.vcxproj", "{E6645BA1-87A9-4D92-B52F-138DBB0CAA40}"
EndProject
Project("{8BC9CEB8-8B4A-11D0-8D11-00A0C91BC942}") = "TypeAnalysis", "TypeAnalysis\TypeAnalysis.vcxproj", "{55038AF9-0E5A-46EE-A5BB-86CED8F5B9FE}"
EndProject
Project("{8BC9CEB8-8B4A-11D0-8D11-00A0C91BC942}") = "Cpp11-BlockingQueue", "Cpp11-BlockingQueue\Cpp11-BlockingQueue.vcxproj", "{DAF6D3F1-CD51-4D67-B3AE-719FFD659EF5}"
EndProject
Project("{8BC9CEB8-8B4A-11D0-8D11-00A0C91BC942}") = "Utilities", "Utilities\Utilities.vcxproj", "{9F38F0E3-38C3-491E-B1D3-984098E886F2}"
EndProject
Project("{8BC9CEB8-8B4A-11D0-8D11-00A0C91BC942}") = "CodeAnalyzer", "CodeAnalyzer\CodeAnalyzer.vcxproj", "{3E3D42B8-C93E-422C-A09B-47E4AAE472BF}"
EndProject
Project("{8BC9CEB8-8B4A-11D0-8D11-00A0C91BC942}") = "DependencyAnalyzer", "DependencyAnalyzer\DependencyAnalyzer.vcxproj", "{180B2929-1FF7-4FC2-865C-F71C21E4F782}"
EndProject
Project("{8BC9CEB8-8B4A-11D0-8D11-00A0C91BC942}") = "NoSqlDb", "NoSqlDb\NoSqlDb.vcxproj", "{91A1F19A-AFA9-49A7-9CDC-9198EA1A2C83}"
EndProject
Project("{8BC9CEB8-8B4A-11D0-8D11-00A0C91BC942}") = "XMLDocument", "XMLDocument\XMLDocument.vcxproj", "{A67A807F-99FF-4842-B0BD-EFC113DFB5E5}"
EndProject
Project("{8BC9CEB8-8B4A-11D0-8D11-00A0C91BC942}") = "Properties", "Properties\Properties.vcxproj", "{A210061F-F5DD-4EDE-A4CA-88AF7DE20759}"
EndProject
Project("{8BC9CEB8-8B4A-11D0-8D11-00A0C91BC942}") = "Convert", "Convert\Convert.vcxproj", "{A07C6765-0DFD-4870-A125-7CC7DC475AC2}"
EndProject
Project("{8BC9CEB8-8B4A-11D0-8D11-00A0C91BC942}") = "Graph", "Graph\Graph.vcxproj", "{D823E4CA-B3A4-4D94-BE4D-04AAAF2323AE}"
EndProject
Project("{8BC9CEB8-8B4A-11D0-8D11-00A0C91BC942}") = "StrongComponents", "StrongComponents\StrongComponents.vcxproj", "{D84BCC85-22F3-4535-B032-8C34CEA238AF}"
EndProject
Global
	GlobalSection(SolutionConfigurationPlatforms) = preSolution
		Debug|x64 = Debug|x64
		Debug|x86 = Debug|x86
		Release|x64 = Release|x64
		Release|x86 = Release|x86
	EndGlobalSection
	GlobalSection(ProjectConfigurationPlatforms) = postSolution
		{E6645BA1-87A9-4D92-B52F-138DBB0CAA40}.Debug|x64.ActiveCfg = Debug|x64
		{E6645BA1-87A9-4D92-B52F-138DBB0CAA40}.Debug|x64.Build.0 = Debug|x64
		{E6645BA1-87A9-4D92-B52F-138DBB0CAA40}.Debug|x86.ActiveCfg = Debug|Win32
		{E6645BA1-87A9-4D92-B52F-138DBB0CAA40}.Debug|x86.Build.0 = Debug|Win32
		{E6645BA1-87A9-4D92-B52F-138DBB0CAA40}.Release|x64.ActiveCfg = Release|x64
		{E6645BA1-87A9-4D92-B52F-138DBB0CAA40}.Release|x64.Build.0 = Release|x64
		{E6645BA1-87A9-4D92-B52F-138DBB0CAA40}.Release|x86.ActiveCfg = Release|Win32
		{E6645BA1-87A9-4D92-B52F-138DBB0CAA40}.Release|x86.Build.0 = Release|Win32
		{55038AF9-0E5A-46EE-A5BB-86CED8F5B9FE}.Debug|x64.ActiveCfg = Debug|x64
		{55038AF9-0E5A-46EE-A5BB-86CED8F5B9FE}.Debug|x64.Build.0 = Debug|x64
		{55038AF9-0E5A-46EE-A5BB-86CED8F5B9FE}.Debug|x86.ActiveCfg = Debug|Win32
		{55038AF9-0E5A-46EE-A5BB-86CED8F5B9FE}.Debug|x86.Build.0 = Debug|Win32
		{55038AF9-0E5A-46EE-A5BB-86CED8F5B9FE}.Release|x64.ActiveCfg = Release|x64
		{55038AF9-0E5A-46EE-A5BB-86CED8F5B9FE}.Release|x64.Build.0 = Release|x64
		{55038AF9-0E5A-46EE-A5BB-86CED8F5B9FE}.Release|x86.ActiveCfg = Release|Win32
		{55038AF9-0E5A-46EE-A5BB-86CED8F5B9FE}.Release|x86.Build.0 = Release|Win32
		{DAF6D3F1-CD51-4D67-B3AE-719FFD659EF5}.Debug|x64.ActiveCfg = Debug|x64
		{DAF6D3F1-CD51-4D67-B3AE-719FFD659EF5}.Debug|x64.Build.0 = Debug|x64
		{DAF6D3F1-CD51-4D67-B3AE-719FFD659EF5}.Debug|x86.ActiveCfg = Debug|Win32
		{DAF6D3F1-CD51-4D67-B3AE-719FFD659EF5}.Debug|x86.Build.0 = Debug|Win32
		{DAF6D3F1-CD51-4D67-B3AE-719FFD659EF5}.Release|x64.ActiveCfg = Release|x64
		{DAF6D3F1-CD51-4D67-B3AE-719FFD659EF5}.Release|x64.Build.0 = Release|x64
		{DAF6D3F1-CD51-4D67-B3AE-719FFD659EF5}.Release|x86.ActiveCfg = Release|Win32
		{DAF6D3F1-CD51-4D67-B3AE-719FFD659EF5}.Release|x86.Build.0 = Release|Win32
		{9F38F0E3-38C3-491E-B1D3-984098E886F2}.Debug|x64.ActiveCfg = Debug|x64
		{9F38F0E3-38C3-491E-B1D3-984098E886F2}.Debug|x64.Build.0 = Debug|x64
		{9F38F0E3-38C3-491E-B1D3-984098E886F2}.Debug|x86.ActiveCfg = Debug|Win32
		{9F38F0E3-38C3-491E-B1D3-984098E886F2}.Debug|x86.Build.0 = Debug|Win32
		{9F38F0E3-38C3-491E-B1D3-984098E886F2}.Release|x64.ActiveCfg = Release|x64
		{9F38F0E3-38C3-491E-B1D3-984098E886F2}.Release|x64.Build.0 = Release|x64
		{9F38F0E3-38C3-491E-B1D3-984098E886F2}.Release|x86.ActiveCfg = Release|Win32
		{9F38F0E3-38C3-491E-B1D3-984098E886F2}.Release|x86.Build.0 = Release|Win32
		{3E3D42B8-C93E-422C-A09B-47E4AAE472BF}.Debug|x64.ActiveCfg = Debug|x64
		{3E3D42B8-C93E-422C-A09B-47E4AAE472BF}.Debug|x64.Build.0 = Debug|x64
		{3E3D42B8-C93E-422C-A09B-47E4AAE472BF}.Debug|x86.ActiveCfg = Debug|Win32
		{3E3D42B8-C93E-422C-A09B-47E4AAE472BF}.Debug|x86.Build.0 = Debug|Win32
		{3E3D42B8-C93E-422C-A09B-47E4AAE472BF}.Release|x64.ActiveCfg = Release|x64
		{3E3D42B8-C93E-422C-A09B-47E4AAE472BF}.Release|x64.Build.0 = Release|x64
		{3E3D42B8-C93E-422C-A09B-47E4AAE472BF}.Release|x86.ActiveCfg = Release|Win32
		{3E3D42B8-C93E-422C-A09B-47E4AAE472BF}.Release|x86.Build.0 = Release|Win32
		{180B2929-1FF7-4FC2-865C-F71C21E4F782}.Debug|x64.ActiveCfg = Debug|x64
		{180B2929-1FF7-4FC2-865C-F71C21E4F782}.Debug|x64.Build.0 = Debug|x64
		{180B2929-1FF7-4FC2-865C-F71C21E4F782}.Debug|x86.ActiveCfg = Debug|Win32
		{180B2929-1FF7-4FC2-865C-F71C21E4F782}.Debug|x86.Build.0 = Debug|Win32
		{180B2929-1FF7-4FC2-865C-F71C21E4F782}.Release|x64.ActiveCfg = Release|x64
		{180B2929-1FF7-4FC2-865C-F71C21E4F782}.Release|x64.Build.0 = Release|x64
		{180B2929-1FF7-4FC2-865C-F71C21E4F782}.Release|x86.ActiveCfg = Release|Win32
		{180B2929-1FF7-4FC2-865C-F71C21E4F782}.Release|x86.Build.0 = Release|Win32
		{91A1F19A-AFA9-49A7-9CDC-9198EA1A2C83}.Debug|x64.ActiveCfg = Debug|x64
		{91A1F19A-AFA9-49A7-9CDC-9198EA1A2C83}.Debug|x64.Build.0 = Debug|x64
		{91A1F19A-AFA9-49A7-9CDC-9198EA1A2C83}.Debug|x86.ActiveCfg = Debug|Win32
		{91A1F19A-AFA9-49A7-9CDC-9198EA1A2C83}.Debug|x86.Build.0 = Debug|Win32
		{91A1F19A-AFA9-49A7-9CDC-9198EA1A2C83}.Release|x64.ActiveCfg = Release|x64
		{91A1F19A-AFA9-49A7-9CDC-9198EA1A2C83}.Release|x64.Build.0 = Release|x64
		{91A1F19A-AFA9-49A7-9CDC-9198EA1A2C83}.Release|x86.ActiveCfg = Release|Win32
		{91A1F19A-AFA9-49A7-9CDC-9198EA1A2C83}.Release|x86.Build.0 = Release|Win32
		{A67A807F-99FF-4842-B0BD-EFC113DFB5E5}.Debug|x64.ActiveCfg = Debug|x64
		{A67A807F-99FF-4842-B0BD-EFC113DFB5E5}.Debug|x64.Build.0 = Debug|x64
		{A67A807F-99FF-4842-B0BD-EFC113DFB5E5}.Debug|x86.ActiveCfg = Debug|Win32
		{A67A807F-99FF-4842-B0BD-EFC113DFB5E5}.Debug|x86.Build.0 = Debug|Win32
		{A67A807F-99FF-4842-B0BD-EFC113DFB5E5}.Release|x64.ActiveCfg = Release|x64
		{A67A807F-99FF-4842-B0BD-EFC113DFB5E5}.Release|x64.Build.0 = Release|x64
		{A67A807F-99FF-4842-B0BD-EFC113DFB5E5}.Release|x86.ActiveCfg = Release|Win32
		{A67A807F-99FF-4842-B0BD-EFC113DFB5E5}.Release|x86.Build.0 = Release|Win32
		{A210061F-F5DD-4EDE-A4CA-88AF7DE20759}.Debug|x64.ActiveCfg = Debug|x64
		{A210061F-F5DD-4EDE-A4CA-88AF7DE20759}.Debug|x64.Build.0 = Debug|x64
		{A210061F-F5DD-4EDE-A4CA-88AF7DE20759}.Debug|x86.ActiveCfg = Debug|Win32
		{A210061F-F5DD-4EDE-A4CA-88AF7DE20759}.Debug|x86.Build.0 = Debug|Win32
		{A210061F-F5DD-4EDE-A4CA-88AF7DE20759}.Release|x64.ActiveCfg = Release|x64
		{A210061F-F5DD-4EDE-A4CA-88AF7DE20759}.Release|x64.Build.0 = Release|x64
		{A210061F-F5DD-4EDE-A4CA-88AF7DE20759}.Release|x86.ActiveCfg = Release|Win32
		{A210061F-F5DD-4EDE-A4CA-88AF7DE20759}.Release|x86.Build.0 = Release|Win32
		{A07C6765-0DFD-4870-A125-7CC7DC475AC2}.Debug|x64.ActiveCfg = Debug|x64
		{A07C6765-0DFD-4870-A125-7CC7DC475AC2}.Debug|x64.Build.0 = Debug|x64
		{A07C6765-0DFD-4870-A125-7CC7DC475AC2}.Debug|x86.ActiveCfg = Debug|Win32
		{A07C6765-0DFD-4870-A125-7CC7DC475AC2}.Debug|x86.Build.0 = Debug|Win32
		{A07C6765-0DFD-4870-A125-7CC7DC475AC2}.Release|x64.ActiveCfg = Release|x64
		{A07C6765-0DFD-4870-A125-7CC7DC475AC2}.Release|x64.Build.0 = Release|x64
		{A07C6765-0DFD-4870-A125-7CC7DC475AC2}.Release|x86.ActiveCfg = Release|Win32
		{A07C6765-0DFD-4870-A125-7CC7DC475AC2}.Release|x86.Build.0 = Release|Win32
		{D823E4CA-B3A4-4D94-BE4D-04AAAF2323AE}.Debug|x64.ActiveCfg = Debug|x64
		{D823E4CA-B3A4-4D94-BE4D-04AAAF2323AE}.Debug|x64.Build.0 = Debug|x64
		{D823E4CA-B3A4-4D94-BE4D-04AAAF2323AE}.Debug|x86.ActiveCfg = Debug|Win32
		{D823E4CA-B3A4-4D94-BE4D-04AAAF2323AE}.Debug|x86.Build.0 = Debug|Win32
		{D823E4CA-B3A4-4D94-BE4D-04AAAF2323AE}.Release|x64.ActiveCfg = Release|x64
		{D823E4CA-B3A4-4D94-BE4D-04AAAF2323AE}.Release|x64.Build.0 = Release|x64
		{D823E4CA-B3A4-4D94-BE4D-04AAAF2323AE}.Release|x86.ActiveCfg = Release|Win32
		{D823E4CA-B3A4-4D94-BE4D-04AAAF2323AE}.Release|x86.Build.0 = Release|Win32
		{D84BCC85-22F3-4535-B032-8C34CEA238AF}.Debug|x64.ActiveCfg = Debug|x64
		{D84BCC85-22F3-4535-B032-8C34CEA238AF}.Debug|x64.Build.0 = Debug|x64
		{D84BCC85-22F3-4535-B032-8C34CEA238AF}.Debug|x86.ActiveCfg = Debug|Win32
		{D84BCC85-22F3-4535-B032-8C34CEA238AF}.Debug|x86.Build.0 = Debug|Win32
		{D84BCC85-22F3-4535-B032-8C34CEA238AF}.Release|x64.ActiveCfg = Release|x64
		{D84BCC85-22F3-4535-B032-8C34CEA238AF}.Release|x64.Build.0 = Release|x64
		{D84BCC85-22F3-4535-B032-8C34CEA238AF}.Release|x86.ActiveCfg = Release|Win32
		{D84BCC85-22F3-4535-B032-8C34CEA238AF}.Release|x86.Build.0 = Release|Win32
	EndGlobalSection
	GlobalSection(SolutionProperties) = preSolution
		HideSolutionNode = FALSE
	EndGlobalSection
EndGlobal
